
Microsoft Visual Studio Solution File, Format Version 12.00
# Visual Studio Version 16
VisualStudioVersion = 16.0.30711.63
MinimumVisualStudioVersion = 10.0.40219.1
Project("{9A19103F-16F7-4668-BE54-9A1E7A4F7556}") = "ProjectMonitoringIntelligent", "ProjectMonitoringIntelligent\ProjectMonitoringIntelligent.csproj", "{0C3E8D9D-DE1F-49E5-AFD2-E3F2C429A1D9}"
EndProject
Global
	GlobalSection(SolutionConfigurationPlatforms) = preSolution
		Debug|Any CPU = Debug|Any CPU
		Release|Any CPU = Release|Any CPU
	EndGlobalSection
	GlobalSection(ProjectConfigurationPlatforms) = postSolution
		{0C3E8D9D-DE1F-49E5-AFD2-E3F2C429A1D9}.Debug|Any CPU.ActiveCfg = Debug|Any CPU
		{0C3E8D9D-DE1F-49E5-AFD2-E3F2C429A1D9}.Debug|Any CPU.Build.0 = Debug|Any CPU
		{0C3E8D9D-DE1F-49E5-AFD2-E3F2C429A1D9}.Release|Any CPU.ActiveCfg = Release|Any CPU
		{0C3E8D9D-DE1F-49E5-AFD2-E3F2C429A1D9}.Release|Any CPU.Build.0 = Release|Any CPU
	EndGlobalSection
	GlobalSection(SolutionProperties) = preSolution
		HideSolutionNode = FALSE
	EndGlobalSection
	GlobalSection(ExtensibilityGlobals) = postSolution
		SolutionGuid = {197F8C2B-357B-4BDE-88E1-4D0588560607}
	EndGlobalSection
EndGlobal
